// !$*UTF8*$!
{
	archiveVersion = 1;
	classes = {
	};
	objectVersion = 46;
	objects = {

/* Begin PBXBuildFile section */
		E6B2056D1D59CD1500611EA2 /* AppDelegate.swift in Sources */ = {isa = PBXBuildFile; fileRef = E6B2056C1D59CD1500611EA2 /* AppDelegate.swift */; };
		E6B2056F1D59CD1500611EA2 /* ViewController.swift in Sources */ = {isa = PBXBuildFile; fileRef = E6B2056E1D59CD1500611EA2 /* ViewController.swift */; };
		E6B205721D59CD1500611EA2 /* Main.storyboard in Resources */ = {isa = PBXBuildFile; fileRef = E6B205701D59CD1500611EA2 /* Main.storyboard */; };
		E6B205741D59CD1500611EA2 /* Assets.xcassets in Resources */ = {isa = PBXBuildFile; fileRef = E6B205731D59CD1500611EA2 /* Assets.xcassets */; };
		E6B205771D59CD1500611EA2 /* LaunchScreen.storyboard in Resources */ = {isa = PBXBuildFile; fileRef = E6B205751D59CD1500611EA2 /* LaunchScreen.storyboard */; };
/* End PBXBuildFile section */

/* Begin PBXFileReference section */
		E6B205691D59CD1500611EA2 /* HWS-project15.app */ = {isa = PBXFileReference; explicitFileType = wrapper.application; includeInIndex = 0; path = "HWS-project15.app"; sourceTree = BUILT_PRODUCTS_DIR; };
		E6B2056C1D59CD1500611EA2 /* AppDelegate.swift */ = {isa = PBXFileReference; lastKnownFileType = sourcecode.swift; path = AppDelegate.swift; sourceTree = "<group>"; };
		E6B2056E1D59CD1500611EA2 /* ViewController.swift */ = {isa = PBXFileReference; lastKnownFileType = sourcecode.swift; path = ViewController.swift; sourceTree = "<group>"; };
		E6B205711D59CD1500611EA2 /* Base */ = {isa = PBXFileReference; lastKnownFileType = file.storyboard; name = Base; path = Base.lproj/Main.storyboard; sourceTree = "<group>"; };
		E6B205731D59CD1500611EA2 /* Assets.xcassets */ = {isa = PBXFileReference; lastKnownFileType = folder.assetcatalog; path = Assets.xcassets; sourceTree = "<group>"; };
		E6B205761D59CD1500611EA2 /* Base */ = {isa = PBXFileReference; lastKnownFileType = file.storyboard; name = Base; path = Base.lproj/LaunchScreen.storyboard; sourceTree = "<group>"; };
		E6B205781D59CD1500611EA2 /* Info.plist */ = {isa = PBXFileReference; lastKnownFileType = text.plist.xml; path = Info.plist; sourceTree = "<group>"; };
/* End PBXFileReference section */

/* Begin PBXFrameworksBuildPhase section */
		E6B205661D59CD1500611EA2 /* Frameworks */ = {
			isa = PBXFrameworksBuildPhase;
			buildActionMask = 2147483647;
			files = (
			);
			runOnlyForDeploymentPostprocessing = 0;
		};
/* End PBXFrameworksBuildPhase section */

/* Begin PBXGroup section */
		E6B205601D59CD1500611EA2 = {
			isa = PBXGroup;
			children = (
				E6B2056B1D59CD1500611EA2 /* HWS-project15 */,
				E6B2056A1D59CD1500611EA2 /* Products */,
			);
			sourceTree = "<group>";
		};
		E6B2056A1D59CD1500611EA2 /* Products */ = {
			isa = PBXGroup;
			children = (
				E6B205691D59CD1500611EA2 /* HWS-project15.app */,
			);
			name = Products;
			sourceTree = "<group>";
		};
		E6B2056B1D59CD1500611EA2 /* HWS-project15 */ = {
			isa = PBXGroup;
			children = (
				E6B2056C1D59CD1500611EA2 /* AppDelegate.swift */,
				E6B2056E1D59CD1500611EA2 /* ViewController.swift */,
				E6B205701D59CD1500611EA2 /* Main.storyboard */,
				E6B205731D59CD1500611EA2 /* Assets.xcassets */,
				E6B205751D59CD1500611EA2 /* LaunchScreen.storyboard */,
				E6B205781D59CD1500611EA2 /* Info.plist */,
			);
			path = "HWS-project15";
			sourceTree = "<group>";
		};
/* End PBXGroup section */

/* Begin PBXNativeTarget section */
		E6B205681D59CD1500611EA2 /* HWS-project15 */ = {
			isa = PBXNativeTarget;
			buildConfigurationList = E6B2057B1D59CD1500611EA2 /* Build configuration list for PBXNativeTarget "HWS-project15" */;
			buildPhases = (
				E6B205651D59CD1500611EA2 /* Sources */,
				E6B205661D59CD1500611EA2 /* Frameworks */,
				E6B205671D59CD1500611EA2 /* Resources */,
			);
			buildRules = (
			);
			dependencies = (
			);
			name = "HWS-project15";
			productName = "HWS-project15";
			productReference = E6B205691D59CD1500611EA2 /* HWS-project15.app */;
			productType = "com.apple.product-type.application";
		};
/* End PBXNativeTarget section */

/* Begin PBXProject section */
		E6B205611D59CD1500611EA2 /* Project object */ = {
			isa = PBXProject;
			attributes = {
				LastSwiftUpdateCheck = 0730;
				LastUpgradeCheck = 0730;
				ORGANIZATIONNAME = "Nikema Prophet";
				TargetAttributes = {
					E6B205681D59CD1500611EA2 = {
						CreatedOnToolsVersion = 7.3;
					};
				};
			};
			buildConfigurationList = E6B205641D59CD1500611EA2 /* Build configuration list for PBXProject "HWS-project15" */;
			compatibilityVersion = "Xcode 3.2";
			developmentRegion = English;
			hasScannedForEncodings = 0;
			knownRegions = (
				en,
				Base,
			);
			mainGroup = E6B205601D59CD1500611EA2;
			productRefGroup = E6B2056A1D59CD1500611EA2 /* Products */;
			projectDirPath = "";
			projectRoot = "";
			targets = (
				E6B205681D59CD1500611EA2 /* HWS-project15 */,
			);
		};
/* End PBXProject section */

/* Begin PBXResourcesBuildPhase section */
		E6B205671D59CD1500611EA2 /* Resources */ = {
			isa = PBXResourcesBuildPhase;
			buildActionMask = 2147483647;
			files = (
				E6B205771D59CD1500611EA2 /* LaunchScreen.storyboard in Resources */,
				E6B205741D59CD1500611EA2 /* Assets.xcassets in Resources */,
				E6B205721D59CD1500611EA2 /* Main.storyboard in Resources */,
			);
			runOnlyForDeploymentPostprocessing = 0;
		};
/* End PBXResourcesBuildPhase section */

/* Begin PBXSourcesBuildPhase section */
		E6B205651D59CD1500611EA2 /* Sources */ = {
			isa = PBXSourcesBuildPhase;
			buildActionMask = 2147483647;
			files = (
				E6B2056F1D59CD1500611EA2 /* ViewController.swift in Sources */,
				E6B2056D1D59CD1500611EA2 /* AppDelegate.swift in Sources */,
			);
			runOnlyForDeploymentPostprocessing = 0;
		};
/* End PBXSourcesBuildPhase section */

/* Begin PBXVariantGroup section */
		E6B205701D59CD1500611EA2 /* Main.storyboard */ = {
			isa = PBXVariantGroup;
			children = (
				E6B205711D59CD1500611EA2 /* Base */,
			);
			name = Main.storyboard;
			sourceTree = "<group>";
		};
		E6B205751D59CD1500611EA2 /* LaunchScreen.storyboard */ = {
			isa = PBXVariantGroup;
			children = (
				E6B205761D59CD1500611EA2 /* Base */,
			);
			name = LaunchScreen.storyboard;
			sourceTree = "<group>";
		};
/* End PBXVariantGroup section */

/* Begin XCBuildConfiguration section */
		E6B205791D59CD1500611EA2 /* Debug */ = {
			isa = XCBuildConfiguration;
			buildSettings = {
				ALWAYS_SEARCH_USER_PATHS = NO;
				CLANG_ANALYZER_NONNULL = YES;
				CLANG_CXX_LANGUAGE_STANDARD = "gnu++0x";
				CLANG_CXX_LIBRARY = "libc++";
				CLANG_ENABLE_MODULES = YES;
				CLANG_ENABLE_OBJC_ARC = YES;
				CLANG_WARN_BOOL_CONVERSION = YES;
				CLANG_WARN_CONSTANT_CONVERSION = YES;
				CLANG_WARN_DIRECT_OBJC_ISA_USAGE = YES_ERROR;
				CLANG_WARN_EMPTY_BODY = YES;
				CLANG_WARN_ENUM_CONVERSION = YES;
				CLANG_WARN_INT_CONVERSION = YES;
				CLANG_WARN_OBJC_ROOT_CLASS = YES_ERROR;
				CLANG_WARN_UNREACHABLE_CODE = YES;
				CLANG_WARN__DUPLICATE_METHOD_MATCH = YES;
				"CODE_SIGN_IDENTITY[sdk=iphoneos*]" = "iPhone Developer";
				COPY_PHASE_STRIP = NO;
				DEBUG_INFORMATION_FORMAT = dwarf;
				ENABLE_STRICT_OBJC_MSGSEND = YES;
				ENABLE_TESTABILITY = YES;
				GCC_C_LANGUAGE_STANDARD = gnu99;
				GCC_DYNAMIC_NO_PIC = NO;
				GCC_NO_COMMON_BLOCKS = YES;
				GCC_OPTIMIZATION_LEVEL = 0;
				GCC_PREPROCESSOR_DEFINITIONS = (
					"DEBUG=1",
					"$(inherited)",
				);
				GCC_WARN_64_TO_32_BIT_CONVERSION = YES;
				GCC_WARN_ABOUT_RETURN_TYPE = YES_ERROR;
				GCC_WARN_UNDECLARED_SELECTOR = YES;
				GCC_WARN_UNINITIALIZED_AUTOS = YES_AGGRESSIVE;
				GCC_WARN_UNUSED_FUNCTION = YES;
				GCC_WARN_UNUSED_VARIABLE = YES;
				IPHONEOS_DEPLOYMENT_TARGET = 9.3;
				MTL_ENABLE_DEBUG_INFO = YES;
				ONLY_ACTIVE_ARCH = YES;
				SDKROOT = iphoneos;
				SWIFT_OPTIMIZATION_LEVEL = "-Onone";
				TARGETED_DEVICE_FAMILY = 2;
			};
			name = Debug;
		};
		E6B2057A1D59CD1500611EA2 /* Release */ = {
			isa = XCBuildConfiguration;
			buildSettings = {
				ALWAYS_SEARCH_USER_PATHS = NO;
				CLANG_ANALYZER_NONNULL = YES;
				CLANG_CXX_LANGUAGE_STANDARD = "gnu++0x";
				CLANG_CXX_LIBRARY = "libc++";
				CLANG_ENABLE_MODULES = YES;
				CLANG_ENABLE_OBJC_ARC = YES;
				CLANG_WARN_BOOL_CONVERSION = YES;
				CLANG_WARN_CONSTANT_CONVERSION = YES;
				CLANG_WARN_DIRECT_OBJC_ISA_USAGE = YES_ERROR;
				CLANG_WARN_EMPTY_BODY = YES;
				CLANG_WARN_ENUM_CONVERSION = YES;
				CLANG_WARN_INT_CONVERSION = YES;
				CLANG_WARN_OBJC_ROOT_CLASS = YES_ERROR;
				CLANG_WARN_UNREACHABLE_CODE = YES;
				CLANG_WARN__DUPLICATE_METHOD_MATCH = YES;
				"CODE_SIGN_IDENTITY[sdk=iphoneos*]" = "iPhone Developer";
				COPY_PHASE_STRIP = NO;
				DEBUG_INFORMATION_FORMAT = "dwarf-with-dsym";
				ENABLE_NS_ASSERTIONS = NO;
				ENABLE_STRICT_OBJC_MSGSEND = YES;
				GCC_C_LANGUAGE_STANDARD = gnu99;
				GCC_NO_COMMON_BLOCKS = YES;
				GCC_WARN_64_TO_32_BIT_CONVERSION = YES;
				GCC_WARN_ABOUT_RETURN_TYPE = YES_ERROR;
				GCC_WARN_UNDECLARED_SELECTOR = YES;
				GCC_WARN_UNINITIALIZED_AUTOS = YES_AGGRESSIVE;
				GCC_WARN_UNUSED_FUNCTION = YES;
				GCC_WARN_UNUSED_VARIABLE = YES;
				IPHONEOS_DEPLOYMENT_TARGET = 9.3;
				MTL_ENABLE_DEBUG_INFO = NO;
				SDKROOT = iphoneos;
				TARGETED_DEVICE_FAMILY = 2;
				VALIDATE_PRODUCT = YES;
			};
			name = Release;
		};
		E6B2057C1D59CD1500611EA2 /* Debug */ = {
			isa = XCBuildConfiguration;
			buildSettings = {
				ASSETCATALOG_COMPILER_APPICON_NAME = AppIcon;
				INFOPLIST_FILE = "HWS-project15/Info.plist";
				LD_RUNPATH_SEARCH_PATHS = "$(inherited) @executable_path/Frameworks";
				PRODUCT_BUNDLE_IDENTIFIER = "io.github.prophen.HWS-project15";
				PRODUCT_NAME = "$(TARGET_NAME)";
			};
			name = Debug;
		};
		E6B2057D1D59CD1500611EA2 /* Release */ = {
			isa = XCBuildConfiguration;
			buildSettings = {
				ASSETCATALOG_COMPILER_APPICON_NAME = AppIcon;
				INFOPLIST_FILE = "HWS-project15/Info.plist";
				LD_RUNPATH_SEARCH_PATHS = "$(inherited) @executable_path/Frameworks";
				PRODUCT_BUNDLE_IDENTIFIER = "io.github.prophen.HWS-project15";
				PRODUCT_NAME = "$(TARGET_NAME)";
			};
			name = Release;
		};
/* End XCBuildConfiguration section */

/* Begin XCConfigurationList section */
		E6B205641D59CD1500611EA2 /* Build configuration list for PBXProject "HWS-project15" */ = {
			isa = XCConfigurationList;
			buildConfigurations = (
				E6B205791D59CD1500611EA2 /* Debug */,
				E6B2057A1D59CD1500611EA2 /* Release */,
			);
			defaultConfigurationIsVisible = 0;
			defaultConfigurationName = Release;
		};
		E6B2057B1D59CD1500611EA2 /* Build configuration list for PBXNativeTarget "HWS-project15" */ = {
			isa = XCConfigurationList;
			buildConfigurations = (
				E6B2057C1D59CD1500611EA2 /* Debug */,
				E6B2057D1D59CD1500611EA2 /* Release */,
			);
			defaultConfigurationIsVisible = 0;
		};
/* End XCConfigurationList section */
	};
	rootObject = E6B205611D59CD1500611EA2 /* Project object */;
}
